
Microsoft Visual Studio Solution File, Format Version 12.00
# Visual Studio Version 16
VisualStudioVersion = 16.0.29409.12
MinimumVisualStudioVersion = 10.0.40219.1
Project("{FAE04EC0-301F-11D3-BF4B-00C04F79EFBC}") = "HackUIowa", "HackUIowa\HackUIowa.csproj", "{60428E11-C91D-46A1-A6F5-29B84EFC1E90}"
EndProject
Global
	GlobalSection(SolutionConfigurationPlatforms) = preSolution
		Debug|Any CPU = Debug|Any CPU
		Release|Any CPU = Release|Any CPU
	EndGlobalSection
	GlobalSection(ProjectConfigurationPlatforms) = postSolution
		{60428E11-C91D-46A1-A6F5-29B84EFC1E90}.Debug|Any CPU.ActiveCfg = Debug|Any CPU
		{60428E11-C91D-46A1-A6F5-29B84EFC1E90}.Debug|Any CPU.Build.0 = Debug|Any CPU
		{60428E11-C91D-46A1-A6F5-29B84EFC1E90}.Release|Any CPU.ActiveCfg = Release|Any CPU
		{60428E11-C91D-46A1-A6F5-29B84EFC1E90}.Release|Any CPU.Build.0 = Release|Any CPU
	EndGlobalSection
	GlobalSection(SolutionProperties) = preSolution
		HideSolutionNode = FALSE
	EndGlobalSection
	GlobalSection(ExtensibilityGlobals) = postSolution
		SolutionGuid = {D70C7D36-139F-4F6A-A4FF-3492EFD488A9}
	EndGlobalSection
EndGlobal
